// !$*UTF8*$!
{
	archiveVersion = 1;
	classes = {
	};
	objectVersion = 55;
	objects = {

/* Begin PBXBuildFile section */
		A019A3E9290BE749002A3D07 /* Color.swift in Sources */ = {isa = PBXBuildFile; fileRef = A019A3E8290BE749002A3D07 /* Color.swift */; };
		A092834328F02DB10068AD6D /* AppDelegate.swift in Sources */ = {isa = PBXBuildFile; fileRef = A092834228F02DB10068AD6D /* AppDelegate.swift */; };
		A092834528F02DB10068AD6D /* SceneDelegate.swift in Sources */ = {isa = PBXBuildFile; fileRef = A092834428F02DB10068AD6D /* SceneDelegate.swift */; };
		A092834728F02DB10068AD6D /* ViewController.swift in Sources */ = {isa = PBXBuildFile; fileRef = A092834628F02DB10068AD6D /* ViewController.swift */; };
		A092834C28F02DB20068AD6D /* Assets.xcassets in Resources */ = {isa = PBXBuildFile; fileRef = A092834B28F02DB20068AD6D /* Assets.xcassets */; };
		A092834F28F02DB20068AD6D /* LaunchScreen.storyboard in Resources */ = {isa = PBXBuildFile; fileRef = A092834D28F02DB20068AD6D /* LaunchScreen.storyboard */; };
		A092835728F0444B0068AD6D /* File.swift in Sources */ = {isa = PBXBuildFile; fileRef = A092835628F0444B0068AD6D /* File.swift */; };
		B45764F4293DEB3E00BA8147 /* NewsListViewController.swift in Sources */ = {isa = PBXBuildFile; fileRef = B45764F3293DEB3E00BA8147 /* NewsListViewController.swift */; };
		B45764F6293DFC9B00BA8147 /* NewsCell.swift in Sources */ = {isa = PBXBuildFile; fileRef = B45764F5293DFC9B00BA8147 /* NewsCell.swift */; };
		B45764F8293E02EF00BA8147 /* NewsViewModel.swift in Sources */ = {isa = PBXBuildFile; fileRef = B45764F7293E02EF00BA8147 /* NewsViewModel.swift */; };
		B45764FA2940F97300BA8147 /* APICaller.swift in Sources */ = {isa = PBXBuildFile; fileRef = B45764F92940F97300BA8147 /* APICaller.swift */; };
		B45764FC294105E900BA8147 /* NewsViewController.swift in Sources */ = {isa = PBXBuildFile; fileRef = B45764FB294105E900BA8147 /* NewsViewController.swift */; };
		B45D7B4429272748004E738F /* NotesViewController.swift in Sources */ = {isa = PBXBuildFile; fileRef = B45D7B4329272748004E738F /* NotesViewController.swift */; };
		B45D7B462927381A004E738F /* ShortNote.swift in Sources */ = {isa = PBXBuildFile; fileRef = B45D7B452927381A004E738F /* ShortNote.swift */; };
		B45D7B4829274C22004E738F /* AddNote.swift in Sources */ = {isa = PBXBuildFile; fileRef = B45D7B4729274C22004E738F /* AddNote.swift */; };
/* End PBXBuildFile section */

/* Begin PBXFileReference section */
		A019A3E8290BE749002A3D07 /* Color.swift */ = {isa = PBXFileReference; lastKnownFileType = sourcecode.swift; path = Color.swift; sourceTree = "<group>"; };
		A092833F28F02DB10068AD6D /* korolevHW2.app */ = {isa = PBXFileReference; explicitFileType = wrapper.application; includeInIndex = 0; path = korolevHW2.app; sourceTree = BUILT_PRODUCTS_DIR; };
		A092834228F02DB10068AD6D /* AppDelegate.swift */ = {isa = PBXFileReference; lastKnownFileType = sourcecode.swift; path = AppDelegate.swift; sourceTree = "<group>"; };
		A092834428F02DB10068AD6D /* SceneDelegate.swift */ = {isa = PBXFileReference; lastKnownFileType = sourcecode.swift; path = SceneDelegate.swift; sourceTree = "<group>"; };
		A092834628F02DB10068AD6D /* ViewController.swift */ = {isa = PBXFileReference; lastKnownFileType = sourcecode.swift; path = ViewController.swift; sourceTree = "<group>"; };
		A092834B28F02DB20068AD6D /* Assets.xcassets */ = {isa = PBXFileReference; lastKnownFileType = folder.assetcatalog; path = Assets.xcassets; sourceTree = "<group>"; };
		A092834E28F02DB20068AD6D /* Base */ = {isa = PBXFileReference; lastKnownFileType = file.storyboard; name = Base; path = Base.lproj/LaunchScreen.storyboard; sourceTree = "<group>"; };
		A092835028F02DB20068AD6D /* Info.plist */ = {isa = PBXFileReference; lastKnownFileType = text.plist.xml; path = Info.plist; sourceTree = "<group>"; };
		A092835628F0444B0068AD6D /* File.swift */ = {isa = PBXFileReference; lastKnownFileType = sourcecode.swift; path = File.swift; sourceTree = "<group>"; };
		B45764F3293DEB3E00BA8147 /* NewsListViewController.swift */ = {isa = PBXFileReference; lastKnownFileType = sourcecode.swift; path = NewsListViewController.swift; sourceTree = "<group>"; };
		B45764F5293DFC9B00BA8147 /* NewsCell.swift */ = {isa = PBXFileReference; lastKnownFileType = sourcecode.swift; path = NewsCell.swift; sourceTree = "<group>"; };
		B45764F7293E02EF00BA8147 /* NewsViewModel.swift */ = {isa = PBXFileReference; lastKnownFileType = sourcecode.swift; path = NewsViewModel.swift; sourceTree = "<group>"; };
		B45764F92940F97300BA8147 /* APICaller.swift */ = {isa = PBXFileReference; lastKnownFileType = sourcecode.swift; path = APICaller.swift; sourceTree = "<group>"; };
		B45764FB294105E900BA8147 /* NewsViewController.swift */ = {isa = PBXFileReference; lastKnownFileType = sourcecode.swift; path = NewsViewController.swift; sourceTree = "<group>"; };
		B45D7B4329272748004E738F /* NotesViewController.swift */ = {isa = PBXFileReference; lastKnownFileType = sourcecode.swift; path = NotesViewController.swift; sourceTree = "<group>"; };
		B45D7B452927381A004E738F /* ShortNote.swift */ = {isa = PBXFileReference; lastKnownFileType = sourcecode.swift; path = ShortNote.swift; sourceTree = "<group>"; };
		B45D7B4729274C22004E738F /* AddNote.swift */ = {isa = PBXFileReference; lastKnownFileType = sourcecode.swift; path = AddNote.swift; sourceTree = "<group>"; };
/* End PBXFileReference section */

/* Begin PBXFrameworksBuildPhase section */
		A092833C28F02DB10068AD6D /* Frameworks */ = {
			isa = PBXFrameworksBuildPhase;
			buildActionMask = 2147483647;
			files = (
			);
			runOnlyForDeploymentPostprocessing = 0;
		};
/* End PBXFrameworksBuildPhase section */

/* Begin PBXGroup section */
		A092833628F02DB10068AD6D = {
			isa = PBXGroup;
			children = (
				B45764F92940F97300BA8147 /* APICaller.swift */,
				A092834128F02DB10068AD6D /* korolevHW2 */,
				A092834028F02DB10068AD6D /* Products */,
			);
			sourceTree = "<group>";
		};
		A092834028F02DB10068AD6D /* Products */ = {
			isa = PBXGroup;
			children = (
				A092833F28F02DB10068AD6D /* korolevHW2.app */,
			);
			name = Products;
			sourceTree = "<group>";
		};
		A092834128F02DB10068AD6D /* korolevHW2 */ = {
			isa = PBXGroup;
			children = (
				B45764FF294277BA00BA8147 /* Delegate */,
				A092835628F0444B0068AD6D /* File.swift */,
				B45764F5293DFC9B00BA8147 /* NewsCell.swift */,
				B45764F7293E02EF00BA8147 /* NewsViewModel.swift */,
				B45D7B452927381A004E738F /* ShortNote.swift */,
				B45D7B4729274C22004E738F /* AddNote.swift */,
				A019A3E8290BE749002A3D07 /* Color.swift */,
				A092834B28F02DB20068AD6D /* Assets.xcassets */,
				A092834D28F02DB20068AD6D /* LaunchScreen.storyboard */,
				A092835028F02DB20068AD6D /* Info.plist */,
				B45D7B422927269D004E738F /* Controllers */,
			);
			path = korolevHW2;
			sourceTree = "<group>";
		};
		B45764FF294277BA00BA8147 /* Delegate */ = {
			isa = PBXGroup;
			children = (
				A092834428F02DB10068AD6D /* SceneDelegate.swift */,
				A092834228F02DB10068AD6D /* AppDelegate.swift */,
			);
			path = Delegate;
			sourceTree = "<group>";
		};
		B45D7B422927269D004E738F /* Controllers */ = {
			isa = PBXGroup;
			children = (
				A092834628F02DB10068AD6D /* ViewController.swift */,
				B45D7B4329272748004E738F /* NotesViewController.swift */,
				B45764F3293DEB3E00BA8147 /* NewsListViewController.swift */,
				B45764FB294105E900BA8147 /* NewsViewController.swift */,
			);
			path = Controllers;
			sourceTree = "<group>";
		};
/* End PBXGroup section */

/* Begin PBXNativeTarget section */
		A092833E28F02DB10068AD6D /* korolevHW2 */ = {
			isa = PBXNativeTarget;
			buildConfigurationList = A092835328F02DB20068AD6D /* Build configuration list for PBXNativeTarget "korolevHW2" */;
			buildPhases = (
				A092833B28F02DB10068AD6D /* Sources */,
				A092833C28F02DB10068AD6D /* Frameworks */,
				A092833D28F02DB10068AD6D /* Resources */,
			);
			buildRules = (
			);
			dependencies = (
			);
			name = korolevHW2;
			productName = korolevHW2;
			productReference = A092833F28F02DB10068AD6D /* korolevHW2.app */;
			productType = "com.apple.product-type.application";
		};
/* End PBXNativeTarget section */

/* Begin PBXProject section */
		A092833728F02DB10068AD6D /* Project object */ = {
			isa = PBXProject;
			attributes = {
				BuildIndependentTargetsInParallel = 1;
				LastSwiftUpdateCheck = 1340;
				LastUpgradeCheck = 1340;
				TargetAttributes = {
					A092833E28F02DB10068AD6D = {
						CreatedOnToolsVersion = 13.4.1;
					};
				};
			};
			buildConfigurationList = A092833A28F02DB10068AD6D /* Build configuration list for PBXProject "korolevHW2" */;
			compatibilityVersion = "Xcode 13.0";
			developmentRegion = en;
			hasScannedForEncodings = 0;
			knownRegions = (
				en,
				Base,
			);
			mainGroup = A092833628F02DB10068AD6D;
			productRefGroup = A092834028F02DB10068AD6D /* Products */;
			projectDirPath = "";
			projectRoot = "";
			targets = (
				A092833E28F02DB10068AD6D /* korolevHW2 */,
			);
		};
/* End PBXProject section */

/* Begin PBXResourcesBuildPhase section */
		A092833D28F02DB10068AD6D /* Resources */ = {
			isa = PBXResourcesBuildPhase;
			buildActionMask = 2147483647;
			files = (
				A092834F28F02DB20068AD6D /* LaunchScreen.storyboard in Resources */,
				A092834C28F02DB20068AD6D /* Assets.xcassets in Resources */,
			);
			runOnlyForDeploymentPostprocessing = 0;
		};
/* End PBXResourcesBuildPhase section */

/* Begin PBXSourcesBuildPhase section */
		A092833B28F02DB10068AD6D /* Sources */ = {
			isa = PBXSourcesBuildPhase;
			buildActionMask = 2147483647;
			files = (
				A092834728F02DB10068AD6D /* ViewController.swift in Sources */,
				B45D7B462927381A004E738F /* ShortNote.swift in Sources */,
				A092835728F0444B0068AD6D /* File.swift in Sources */,
				B45D7B4429272748004E738F /* NotesViewController.swift in Sources */,
				B45764F6293DFC9B00BA8147 /* NewsCell.swift in Sources */,
				A092834328F02DB10068AD6D /* AppDelegate.swift in Sources */,
				B45764FC294105E900BA8147 /* NewsViewController.swift in Sources */,
				B45764F8293E02EF00BA8147 /* NewsViewModel.swift in Sources */,
				B45764FA2940F97300BA8147 /* APICaller.swift in Sources */,
				A019A3E9290BE749002A3D07 /* Color.swift in Sources */,
				B45764F4293DEB3E00BA8147 /* NewsListViewController.swift in Sources */,
				A092834528F02DB10068AD6D /* SceneDelegate.swift in Sources */,
				B45D7B4829274C22004E738F /* AddNote.swift in Sources */,
			);
			runOnlyForDeploymentPostprocessing = 0;
		};
/* End PBXSourcesBuildPhase section */

/* Begin PBXVariantGroup section */
		A092834D28F02DB20068AD6D /* LaunchScreen.storyboard */ = {
			isa = PBXVariantGroup;
			children = (
				A092834E28F02DB20068AD6D /* Base */,
			);
			name = LaunchScreen.storyboard;
			sourceTree = "<group>";
		};
/* End PBXVariantGroup section */

/* Begin XCBuildConfiguration section */
		A092835128F02DB20068AD6D /* Debug */ = {
			isa = XCBuildConfiguration;
			buildSettings = {
				ALWAYS_SEARCH_USER_PATHS = NO;
				CLANG_ANALYZER_NONNULL = YES;
				CLANG_ANALYZER_NUMBER_OBJECT_CONVERSION = YES_AGGRESSIVE;
				CLANG_CXX_LANGUAGE_STANDARD = "gnu++17";
				CLANG_ENABLE_MODULES = YES;
				CLANG_ENABLE_OBJC_ARC = YES;
				CLANG_ENABLE_OBJC_WEAK = YES;
				CLANG_WARN_BLOCK_CAPTURE_AUTORELEASING = YES;
				CLANG_WARN_BOOL_CONVERSION = YES;
				CLANG_WARN_COMMA = YES;
				CLANG_WARN_CONSTANT_CONVERSION = YES;
				CLANG_WARN_DEPRECATED_OBJC_IMPLEMENTATIONS = YES;
				CLANG_WARN_DIRECT_OBJC_ISA_USAGE = YES_ERROR;
				CLANG_WARN_DOCUMENTATION_COMMENTS = YES;
				CLANG_WARN_EMPTY_BODY = YES;
				CLANG_WARN_ENUM_CONVERSION = YES;
				CLANG_WARN_INFINITE_RECURSION = YES;
				CLANG_WARN_INT_CONVERSION = YES;
				CLANG_WARN_NON_LITERAL_NULL_CONVERSION = YES;
				CLANG_WARN_OBJC_IMPLICIT_RETAIN_SELF = YES;
				CLANG_WARN_OBJC_LITERAL_CONVERSION = YES;
				CLANG_WARN_OBJC_ROOT_CLASS = YES_ERROR;
				CLANG_WARN_QUOTED_INCLUDE_IN_FRAMEWORK_HEADER = YES;
				CLANG_WARN_RANGE_LOOP_ANALYSIS = YES;
				CLANG_WARN_STRICT_PROTOTYPES = YES;
				CLANG_WARN_SUSPICIOUS_MOVE = YES;
				CLANG_WARN_UNGUARDED_AVAILABILITY = YES_AGGRESSIVE;
				CLANG_WARN_UNREACHABLE_CODE = YES;
				CLANG_WARN__DUPLICATE_METHOD_MATCH = YES;
				COPY_PHASE_STRIP = NO;
				DEBUG_INFORMATION_FORMAT = dwarf;
				ENABLE_STRICT_OBJC_MSGSEND = YES;
				ENABLE_TESTABILITY = YES;
				GCC_C_LANGUAGE_STANDARD = gnu11;
				GCC_DYNAMIC_NO_PIC = NO;
				GCC_NO_COMMON_BLOCKS = YES;
				GCC_OPTIMIZATION_LEVEL = 0;
				GCC_PREPROCESSOR_DEFINITIONS = (
					"DEBUG=1",
					"$(inherited)",
				);
				GCC_WARN_64_TO_32_BIT_CONVERSION = YES;
				GCC_WARN_ABOUT_RETURN_TYPE = YES_ERROR;
				GCC_WARN_UNDECLARED_SELECTOR = YES;
				GCC_WARN_UNINITIALIZED_AUTOS = YES_AGGRESSIVE;
				GCC_WARN_UNUSED_FUNCTION = YES;
				GCC_WARN_UNUSED_VARIABLE = YES;
				IPHONEOS_DEPLOYMENT_TARGET = 15.5;
				MTL_ENABLE_DEBUG_INFO = INCLUDE_SOURCE;
				MTL_FAST_MATH = YES;
				ONLY_ACTIVE_ARCH = YES;
				SDKROOT = iphoneos;
				SWIFT_ACTIVE_COMPILATION_CONDITIONS = DEBUG;
				SWIFT_OPTIMIZATION_LEVEL = "-Onone";
			};
			name = Debug;
		};
		A092835228F02DB20068AD6D /* Release */ = {
			isa = XCBuildConfiguration;
			buildSettings = {
				ALWAYS_SEARCH_USER_PATHS = NO;
				CLANG_ANALYZER_NONNULL = YES;
				CLANG_ANALYZER_NUMBER_OBJECT_CONVERSION = YES_AGGRESSIVE;
				CLANG_CXX_LANGUAGE_STANDARD = "gnu++17";
				CLANG_ENABLE_MODULES = YES;
				CLANG_ENABLE_OBJC_ARC = YES;
				CLANG_ENABLE_OBJC_WEAK = YES;
				CLANG_WARN_BLOCK_CAPTURE_AUTORELEASING = YES;
				CLANG_WARN_BOOL_CONVERSION = YES;
				CLANG_WARN_COMMA = YES;
				CLANG_WARN_CONSTANT_CONVERSION = YES;
				CLANG_WARN_DEPRECATED_OBJC_IMPLEMENTATIONS = YES;
				CLANG_WARN_DIRECT_OBJC_ISA_USAGE = YES_ERROR;
				CLANG_WARN_DOCUMENTATION_COMMENTS = YES;
				CLANG_WARN_EMPTY_BODY = YES;
				CLANG_WARN_ENUM_CONVERSION = YES;
				CLANG_WARN_INFINITE_RECURSION = YES;
				CLANG_WARN_INT_CONVERSION = YES;
				CLANG_WARN_NON_LITERAL_NULL_CONVERSION = YES;
				CLANG_WARN_OBJC_IMPLICIT_RETAIN_SELF = YES;
				CLANG_WARN_OBJC_LITERAL_CONVERSION = YES;
				CLANG_WARN_OBJC_ROOT_CLASS = YES_ERROR;
				CLANG_WARN_QUOTED_INCLUDE_IN_FRAMEWORK_HEADER = YES;
				CLANG_WARN_RANGE_LOOP_ANALYSIS = YES;
				CLANG_WARN_STRICT_PROTOTYPES = YES;
				CLANG_WARN_SUSPICIOUS_MOVE = YES;
				CLANG_WARN_UNGUARDED_AVAILABILITY = YES_AGGRESSIVE;
				CLANG_WARN_UNREACHABLE_CODE = YES;
				CLANG_WARN__DUPLICATE_METHOD_MATCH = YES;
				COPY_PHASE_STRIP = NO;
				DEBUG_INFORMATION_FORMAT = "dwarf-with-dsym";
				ENABLE_NS_ASSERTIONS = NO;
				ENABLE_STRICT_OBJC_MSGSEND = YES;
				GCC_C_LANGUAGE_STANDARD = gnu11;
				GCC_NO_COMMON_BLOCKS = YES;
				GCC_WARN_64_TO_32_BIT_CONVERSION = YES;
				GCC_WARN_ABOUT_RETURN_TYPE = YES_ERROR;
				GCC_WARN_UNDECLARED_SELECTOR = YES;
				GCC_WARN_UNINITIALIZED_AUTOS = YES_AGGRESSIVE;
				GCC_WARN_UNUSED_FUNCTION = YES;
				GCC_WARN_UNUSED_VARIABLE = YES;
				IPHONEOS_DEPLOYMENT_TARGET = 15.5;
				MTL_ENABLE_DEBUG_INFO = NO;
				MTL_FAST_MATH = YES;
				SDKROOT = iphoneos;
				SWIFT_COMPILATION_MODE = wholemodule;
				SWIFT_OPTIMIZATION_LEVEL = "-O";
				VALIDATE_PRODUCT = YES;
			};
			name = Release;
		};
		A092835428F02DB20068AD6D /* Debug */ = {
			isa = XCBuildConfiguration;
			buildSettings = {
				ASSETCATALOG_COMPILER_APPICON_NAME = AppIcon;
				ASSETCATALOG_COMPILER_GLOBAL_ACCENT_COLOR_NAME = AccentColor;
				CODE_SIGN_STYLE = Automatic;
				CURRENT_PROJECT_VERSION = 1;
				GENERATE_INFOPLIST_FILE = YES;
				INFOPLIST_FILE = korolevHW2/Info.plist;
				INFOPLIST_KEY_UIApplicationSupportsIndirectInputEvents = YES;
				INFOPLIST_KEY_UILaunchStoryboardName = LaunchScreen;
				INFOPLIST_KEY_UISupportedInterfaceOrientations_iPad = "UIInterfaceOrientationPortrait UIInterfaceOrientationPortraitUpsideDown UIInterfaceOrientationLandscapeLeft UIInterfaceOrientationLandscapeRight";
				INFOPLIST_KEY_UISupportedInterfaceOrientations_iPhone = "UIInterfaceOrientationPortrait UIInterfaceOrientationLandscapeLeft UIInterfaceOrientationLandscapeRight";
				LD_RUNPATH_SEARCH_PATHS = (
					"$(inherited)",
					"@executable_path/Frameworks",
				);
				MARKETING_VERSION = 1.0;
				PRODUCT_BUNDLE_IDENTIFIER = reg.korolevHW2;
				PRODUCT_NAME = "$(TARGET_NAME)";
				SWIFT_EMIT_LOC_STRINGS = YES;
				SWIFT_VERSION = 5.0;
				TARGETED_DEVICE_FAMILY = "1,2";
			};
			name = Debug;
		};
		A092835528F02DB20068AD6D /* Release */ = {
			isa = XCBuildConfiguration;
			buildSettings = {
				ASSETCATALOG_COMPILER_APPICON_NAME = AppIcon;
				ASSETCATALOG_COMPILER_GLOBAL_ACCENT_COLOR_NAME = AccentColor;
				CODE_SIGN_STYLE = Automatic;
				CURRENT_PROJECT_VERSION = 1;
				GENERATE_INFOPLIST_FILE = YES;
				INFOPLIST_FILE = korolevHW2/Info.plist;
				INFOPLIST_KEY_UIApplicationSupportsIndirectInputEvents = YES;
				INFOPLIST_KEY_UILaunchStoryboardName = LaunchScreen;
				INFOPLIST_KEY_UISupportedInterfaceOrientations_iPad = "UIInterfaceOrientationPortrait UIInterfaceOrientationPortraitUpsideDown UIInterfaceOrientationLandscapeLeft UIInterfaceOrientationLandscapeRight";
				INFOPLIST_KEY_UISupportedInterfaceOrientations_iPhone = "UIInterfaceOrientationPortrait UIInterfaceOrientationLandscapeLeft UIInterfaceOrientationLandscapeRight";
				LD_RUNPATH_SEARCH_PATHS = (
					"$(inherited)",
					"@executable_path/Frameworks",
				);
				MARKETING_VERSION = 1.0;
				PRODUCT_BUNDLE_IDENTIFIER = reg.korolevHW2;
				PRODUCT_NAME = "$(TARGET_NAME)";
				SWIFT_EMIT_LOC_STRINGS = YES;
				SWIFT_VERSION = 5.0;
				TARGETED_DEVICE_FAMILY = "1,2";
			};
			name = Release;
		};
/* End XCBuildConfiguration section */

/* Begin XCConfigurationList section */
		A092833A28F02DB10068AD6D /* Build configuration list for PBXProject "korolevHW2" */ = {
			isa = XCConfigurationList;
			buildConfigurations = (
				A092835128F02DB20068AD6D /* Debug */,
				A092835228F02DB20068AD6D /* Release */,
			);
			defaultConfigurationIsVisible = 0;
			defaultConfigurationName = Release;
		};
		A092835328F02DB20068AD6D /* Build configuration list for PBXNativeTarget "korolevHW2" */ = {
			isa = XCConfigurationList;
			buildConfigurations = (
				A092835428F02DB20068AD6D /* Debug */,
				A092835528F02DB20068AD6D /* Release */,
			);
			defaultConfigurationIsVisible = 0;
			defaultConfigurationName = Release;
		};
/* End XCConfigurationList section */
	};
	rootObject = A092833728F02DB10068AD6D /* Project object */;
}
